
Microsoft Visual Studio Solution File, Format Version 12.00
# Visual Studio Version 17
VisualStudioVersion = 17.3.32819.101
MinimumVisualStudioVersion = 10.0.40219.1
Project("{FAE04EC0-301F-11D3-BF4B-00C04F79EFBC}") = "RHM_Napv02_projekt_server", "RHM_Napv02_projekt_server\RHM_Napv02_projekt_server.csproj", "{FFD6797F-67C7-4921-B936-E0F023DC07A3}"
EndProject
Global
	GlobalSection(SolutionConfigurationPlatforms) = preSolution
		Debug|Any CPU = Debug|Any CPU
		Release|Any CPU = Release|Any CPU
	EndGlobalSection
	GlobalSection(ProjectConfigurationPlatforms) = postSolution
		{FFD6797F-67C7-4921-B936-E0F023DC07A3}.Debug|Any CPU.ActiveCfg = Debug|Any CPU
		{FFD6797F-67C7-4921-B936-E0F023DC07A3}.Debug|Any CPU.Build.0 = Debug|Any CPU
		{FFD6797F-67C7-4921-B936-E0F023DC07A3}.Release|Any CPU.ActiveCfg = Release|Any CPU
		{FFD6797F-67C7-4921-B936-E0F023DC07A3}.Release|Any CPU.Build.0 = Release|Any CPU
	EndGlobalSection
	GlobalSection(SolutionProperties) = preSolution
		HideSolutionNode = FALSE
	EndGlobalSection
	GlobalSection(ExtensibilityGlobals) = postSolution
		SolutionGuid = {6BB42081-4F74-465B-9356-76EC9384FCCB}
	EndGlobalSection
EndGlobal
